{
  "object": {
    "pins": [
      {
        "package": "MMWormhole",
        "repositoryURL": "https://github.com/JioMeet/MMWormhole.git",
        "state": {
          "branch": null,
          "revision": "18fc19b5a125b501c50f4cf3a1423cba80d4afac",
          "version": "2.1.0"
        }
      },
      {
        "package": "SocketIO",
        "repositoryURL": "https://github.com/socketio/socket.io-client-swift.git",
        "state": {
          "branch": null,
          "revision": "175da8b5156f6b132436f0676cc84c2f6a766b6e",
          "version": "16.1.0"
        }
      },
      {
        "package": "Starscream",
        "repositoryURL": "https://github.com/daltoniam/Starscream",
        "state": {
          "branch": null,
          "revision": "ac6c0fc9da221873e01bd1a0d4818498a71eef33",
          "version": "4.0.6"
        }
      },
      {
        "package": "SwiftyBeaver",
        "repositoryURL": "https://github.com/SwiftyBeaver/SwiftyBeaver.git",
        "state": {
          "branch": null,
          "revision": "1080914828ef1c9ca9cd2bad50667b3d847dabff",
          "version": "2.0.0"
        }
      },
      {
        "package": "SwiftyJSON",
        "repositoryURL": "https://github.com/SwiftyJSON/SwiftyJSON.git",
        "state": {
          "branch": null,
          "revision": "b3dcd7dbd0d488e1a7077cb33b00f2083e382f07",
          "version": "5.0.1"
        }
      },
      {
        "package": "VoiceActivityDetector",
        "repositoryURL": "https://github.com/JioMeet/VoiceActivityDetector.git",
        "state": {
          "branch": null,
          "revision": "1e37fdf82573de3d8476421564302b8f2d1cc58e",
          "version": "0.3.0"
        }
      }
    ]
  },
  "version": 1
}
